
Microsoft Visual Studio Solution File, Format Version 12.00
# Visual Studio Version 16
VisualStudioVersion = 16.0.32106.194
MinimumVisualStudioVersion = 10.0.40219.1
Project("{FAE04EC0-301F-11D3-BF4B-00C04F79EFBC}") = "MiddleTestAuthetication", "MiddleTestAuthetication.csproj", "{A20F10F1-F892-45AB-9DA1-DED81C74575E}"
EndProject
Global
	GlobalSection(SolutionConfigurationPlatforms) = preSolution
		Debug|Any CPU = Debug|Any CPU
		Release|Any CPU = Release|Any CPU
	EndGlobalSection
	GlobalSection(ProjectConfigurationPlatforms) = postSolution
		{A20F10F1-F892-45AB-9DA1-DED81C74575E}.Debug|Any CPU.ActiveCfg = Debug|Any CPU
		{A20F10F1-F892-45AB-9DA1-DED81C74575E}.Debug|Any CPU.Build.0 = Debug|Any CPU
		{A20F10F1-F892-45AB-9DA1-DED81C74575E}.Release|Any CPU.ActiveCfg = Release|Any CPU
		{A20F10F1-F892-45AB-9DA1-DED81C74575E}.Release|Any CPU.Build.0 = Release|Any CPU
	EndGlobalSection
	GlobalSection(SolutionProperties) = preSolution
		HideSolutionNode = FALSE
	EndGlobalSection
	GlobalSection(ExtensibilityGlobals) = postSolution
		SolutionGuid = {E9CC62B0-26C1-45CC-98A8-3ACD4A7FB040}
	EndGlobalSection
EndGlobal
